
Microsoft Visual Studio Solution File, Format Version 12.00
# Visual Studio Version 16
VisualStudioVersion = 16.0.32002.261
MinimumVisualStudioVersion = 10.0.40219.1
Project("{FAE04EC0-301F-11D3-BF4B-00C04F79EFBC}") = "TwoHearts", "TwoHearts\TwoHearts\TwoHearts.csproj", "{8237111B-BFE6-4D4A-9A28-03F71594C014}"
EndProject
Global
	GlobalSection(SolutionConfigurationPlatforms) = preSolution
		Debug|Any CPU = Debug|Any CPU
		Release|Any CPU = Release|Any CPU
	EndGlobalSection
	GlobalSection(ProjectConfigurationPlatforms) = postSolution
		{8237111B-BFE6-4D4A-9A28-03F71594C014}.Debug|Any CPU.ActiveCfg = Debug|Any CPU
		{8237111B-BFE6-4D4A-9A28-03F71594C014}.Debug|Any CPU.Build.0 = Debug|Any CPU
		{8237111B-BFE6-4D4A-9A28-03F71594C014}.Debug|Any CPU.Deploy.0 = Debug|Any CPU
		{8237111B-BFE6-4D4A-9A28-03F71594C014}.Release|Any CPU.ActiveCfg = Release|Any CPU
		{8237111B-BFE6-4D4A-9A28-03F71594C014}.Release|Any CPU.Build.0 = Release|Any CPU
		{8237111B-BFE6-4D4A-9A28-03F71594C014}.Release|Any CPU.Deploy.0 = Release|Any CPU
	EndGlobalSection
	GlobalSection(SolutionProperties) = preSolution
		HideSolutionNode = FALSE
	EndGlobalSection
	GlobalSection(ExtensibilityGlobals) = postSolution
		SolutionGuid = {28028656-04BA-4A1F-BD0A-080B7F71756A}
	EndGlobalSection
EndGlobal
